
Microsoft Visual Studio Solution File, Format Version 12.00
# Visual Studio Version 16
VisualStudioVersion = 16.0.34729.46
MinimumVisualStudioVersion = 10.0.40219.1
Project("{FAE04EC0-301F-11D3-BF4B-00C04F79EFBC}") = "KTPM", "KTPM\KTPM.csproj", "{8C6DE14D-9B66-482F-AC85-FE3E9BE43D75}"
EndProject
Global
	GlobalSection(SolutionConfigurationPlatforms) = preSolution
		Debug|Any CPU = Debug|Any CPU
		Release|Any CPU = Release|Any CPU
	EndGlobalSection
	GlobalSection(ProjectConfigurationPlatforms) = postSolution
		{8C6DE14D-9B66-482F-AC85-FE3E9BE43D75}.Debug|Any CPU.ActiveCfg = Debug|Any CPU
		{8C6DE14D-9B66-482F-AC85-FE3E9BE43D75}.Debug|Any CPU.Build.0 = Debug|Any CPU
		{8C6DE14D-9B66-482F-AC85-FE3E9BE43D75}.Release|Any CPU.ActiveCfg = Release|Any CPU
		{8C6DE14D-9B66-482F-AC85-FE3E9BE43D75}.Release|Any CPU.Build.0 = Release|Any CPU
	EndGlobalSection
	GlobalSection(SolutionProperties) = preSolution
		HideSolutionNode = FALSE
	EndGlobalSection
	GlobalSection(ExtensibilityGlobals) = postSolution
		SolutionGuid = {A1DE3EA9-D32D-4CA4-90C5-9BA138387412}
	EndGlobalSection
EndGlobal
